{
  "name": "powerlifting-tools",
  "version": "1.0.0",
  "lockfileVersion": 1,
  "requires": true,
  "dependencies": {
    "wilks-calculator": {
      "version": "1.2.1",
      "resolved": "https://registry.npmjs.org/wilks-calculator/-/wilks-calculator-1.2.1.tgz",
      "integrity": "sha512-hp41Ot4LhBCfm3fqB34SCw1LYQY4l/tRcqdw2haoxOdUg7602J9AVbFAhlAER2tREwuL80We+pRz/95sBv3mIw=="
    }
  }
}
